
Microsoft Visual Studio Solution File, Format Version 12.00
# Visual Studio 15
VisualStudioVersion = 15.0.28307.136
MinimumVisualStudioVersion = 10.0.40219.1
Project("{FAE04EC0-301F-11D3-BF4B-00C04F79EFBC}") = "Ships", "Ships.csproj", "{39B7AF35-BCC5-420A-B4B8-A1E7A7D0B1EE}"
EndProject
Global
	GlobalSection(SolutionConfigurationPlatforms) = preSolution
		Debug|Any CPU = Debug|Any CPU
		Release|Any CPU = Release|Any CPU
	EndGlobalSection
	GlobalSection(ProjectConfigurationPlatforms) = postSolution
		{39B7AF35-BCC5-420A-B4B8-A1E7A7D0B1EE}.Debug|Any CPU.ActiveCfg = Debug|Any CPU
		{39B7AF35-BCC5-420A-B4B8-A1E7A7D0B1EE}.Debug|Any CPU.Build.0 = Debug|Any CPU
		{39B7AF35-BCC5-420A-B4B8-A1E7A7D0B1EE}.Release|Any CPU.ActiveCfg = Release|Any CPU
		{39B7AF35-BCC5-420A-B4B8-A1E7A7D0B1EE}.Release|Any CPU.Build.0 = Release|Any CPU
	EndGlobalSection
	GlobalSection(SolutionProperties) = preSolution
		HideSolutionNode = FALSE
	EndGlobalSection
	GlobalSection(ExtensibilityGlobals) = postSolution
		SolutionGuid = {988D2306-46AB-4E3A-8ED1-D94C1D840886}
	EndGlobalSection
EndGlobal
